
Microsoft Visual Studio Solution File, Format Version 12.00
# Visual Studio Version 16
VisualStudioVersion = 16.0.31729.503
MinimumVisualStudioVersion = 10.0.40219.1
Project("{FAE04EC0-301F-11D3-BF4B-00C04F79EFBC}") = "Hexadecimal_256", "Hexadecimal_256\Hexadecimal_256.csproj", "{F094A1C0-928A-40D5-9291-F94FE92982B5}"
EndProject
Global
	GlobalSection(SolutionConfigurationPlatforms) = preSolution
		Debug|Any CPU = Debug|Any CPU
		Release|Any CPU = Release|Any CPU
	EndGlobalSection
	GlobalSection(ProjectConfigurationPlatforms) = postSolution
		{F094A1C0-928A-40D5-9291-F94FE92982B5}.Debug|Any CPU.ActiveCfg = Debug|Any CPU
		{F094A1C0-928A-40D5-9291-F94FE92982B5}.Debug|Any CPU.Build.0 = Debug|Any CPU
		{F094A1C0-928A-40D5-9291-F94FE92982B5}.Release|Any CPU.ActiveCfg = Release|Any CPU
		{F094A1C0-928A-40D5-9291-F94FE92982B5}.Release|Any CPU.Build.0 = Release|Any CPU
	EndGlobalSection
	GlobalSection(SolutionProperties) = preSolution
		HideSolutionNode = FALSE
	EndGlobalSection
	GlobalSection(ExtensibilityGlobals) = postSolution
		SolutionGuid = {B56EEF63-5CF4-49EC-97A7-92991FA481F0}
	EndGlobalSection
EndGlobal
