
Microsoft Visual Studio Solution File, Format Version 12.00
# Visual Studio Version 16
VisualStudioVersion = 16.0.31729.503
MinimumVisualStudioVersion = 10.0.40219.1
Project("{FAE04EC0-301F-11D3-BF4B-00C04F79EFBC}") = "PROBLEM_0002", "PROBLEM_0002\PROBLEM_0002.csproj", "{1D7949C8-18AD-4CEC-8CE2-C4C96943BFA6}"
EndProject
Global
	GlobalSection(SolutionConfigurationPlatforms) = preSolution
		Debug|Any CPU = Debug|Any CPU
		Release|Any CPU = Release|Any CPU
	EndGlobalSection
	GlobalSection(ProjectConfigurationPlatforms) = postSolution
		{1D7949C8-18AD-4CEC-8CE2-C4C96943BFA6}.Debug|Any CPU.ActiveCfg = Debug|Any CPU
		{1D7949C8-18AD-4CEC-8CE2-C4C96943BFA6}.Debug|Any CPU.Build.0 = Debug|Any CPU
		{1D7949C8-18AD-4CEC-8CE2-C4C96943BFA6}.Release|Any CPU.ActiveCfg = Release|Any CPU
		{1D7949C8-18AD-4CEC-8CE2-C4C96943BFA6}.Release|Any CPU.Build.0 = Release|Any CPU
	EndGlobalSection
	GlobalSection(SolutionProperties) = preSolution
		HideSolutionNode = FALSE
	EndGlobalSection
	GlobalSection(ExtensibilityGlobals) = postSolution
		SolutionGuid = {E8B8727B-7314-4F3E-A34C-3A08EB154F35}
	EndGlobalSection
EndGlobal
