
Microsoft Visual Studio Solution File, Format Version 12.00
# Visual Studio Version 16
VisualStudioVersion = 16.0.31729.503
MinimumVisualStudioVersion = 10.0.40219.1
Project("{FAE04EC0-301F-11D3-BF4B-00C04F79EFBC}") = "Numbers", "Numbers\Numbers.csproj", "{289200F5-14C6-4911-BD67-CF826351324E}"
EndProject
Global
	GlobalSection(SolutionConfigurationPlatforms) = preSolution
		Debug|Any CPU = Debug|Any CPU
		Release|Any CPU = Release|Any CPU
	EndGlobalSection
	GlobalSection(ProjectConfigurationPlatforms) = postSolution
		{289200F5-14C6-4911-BD67-CF826351324E}.Debug|Any CPU.ActiveCfg = Debug|Any CPU
		{289200F5-14C6-4911-BD67-CF826351324E}.Debug|Any CPU.Build.0 = Debug|Any CPU
		{289200F5-14C6-4911-BD67-CF826351324E}.Release|Any CPU.ActiveCfg = Release|Any CPU
		{289200F5-14C6-4911-BD67-CF826351324E}.Release|Any CPU.Build.0 = Release|Any CPU
	EndGlobalSection
	GlobalSection(SolutionProperties) = preSolution
		HideSolutionNode = FALSE
	EndGlobalSection
	GlobalSection(ExtensibilityGlobals) = postSolution
		SolutionGuid = {1655025D-6FEA-4526-A0FE-556A58EACFA3}
	EndGlobalSection
EndGlobal
